
Microsoft Visual Studio Solution File, Format Version 12.00
# Visual Studio Version 16
VisualStudioVersion = 16.0.31702.278
MinimumVisualStudioVersion = 10.0.40219.1
Project("{9A19103F-16F7-4668-BE54-9A1E7A4F7556}") = "Pract1", "Lab2\Pract1.csproj", "{D29A760D-7F9A-49C3-B2D3-E7BC32950EA5}"
EndProject
Global
	GlobalSection(SolutionConfigurationPlatforms) = preSolution
		Debug|Any CPU = Debug|Any CPU
		Release|Any CPU = Release|Any CPU
	EndGlobalSection
	GlobalSection(ProjectConfigurationPlatforms) = postSolution
		{D29A760D-7F9A-49C3-B2D3-E7BC32950EA5}.Debug|Any CPU.ActiveCfg = Debug|Any CPU
		{D29A760D-7F9A-49C3-B2D3-E7BC32950EA5}.Debug|Any CPU.Build.0 = Debug|Any CPU
		{D29A760D-7F9A-49C3-B2D3-E7BC32950EA5}.Release|Any CPU.ActiveCfg = Release|Any CPU
		{D29A760D-7F9A-49C3-B2D3-E7BC32950EA5}.Release|Any CPU.Build.0 = Release|Any CPU
	EndGlobalSection
	GlobalSection(SolutionProperties) = preSolution
		HideSolutionNode = FALSE
	EndGlobalSection
	GlobalSection(ExtensibilityGlobals) = postSolution
		SolutionGuid = {52E87264-D412-4CC2-8A67-F94DED846558}
	EndGlobalSection
EndGlobal
