
Microsoft Visual Studio Solution File, Format Version 12.00
# Visual Studio Version 16
VisualStudioVersion = 16.0.31702.278
MinimumVisualStudioVersion = 10.0.40219.1
Project("{FAE04EC0-301F-11D3-BF4B-00C04F79EFBC}") = "Lab1", "Lab1\Lab1.csproj", "{FCB14485-17C5-40F7-9A0D-EA291BDA7145}"
EndProject
Global
	GlobalSection(SolutionConfigurationPlatforms) = preSolution
		Debug|Any CPU = Debug|Any CPU
		Release|Any CPU = Release|Any CPU
	EndGlobalSection
	GlobalSection(ProjectConfigurationPlatforms) = postSolution
		{FCB14485-17C5-40F7-9A0D-EA291BDA7145}.Debug|Any CPU.ActiveCfg = Debug|Any CPU
		{FCB14485-17C5-40F7-9A0D-EA291BDA7145}.Debug|Any CPU.Build.0 = Debug|Any CPU
		{FCB14485-17C5-40F7-9A0D-EA291BDA7145}.Release|Any CPU.ActiveCfg = Release|Any CPU
		{FCB14485-17C5-40F7-9A0D-EA291BDA7145}.Release|Any CPU.Build.0 = Release|Any CPU
	EndGlobalSection
	GlobalSection(SolutionProperties) = preSolution
		HideSolutionNode = FALSE
	EndGlobalSection
	GlobalSection(ExtensibilityGlobals) = postSolution
		SolutionGuid = {310E2A3E-44C0-4B1D-A8CE-4C3E6C93FD45}
	EndGlobalSection
EndGlobal
