
Microsoft Visual Studio Solution File, Format Version 12.00
# Visual Studio Version 16
VisualStudioVersion = 16.0.31702.278
MinimumVisualStudioVersion = 10.0.40219.1
Project("{FAE04EC0-301F-11D3-BF4B-00C04F79EFBC}") = "Pract3", "Pract3\Pract3.csproj", "{90732786-11A9-42B4-B3D6-BEA83AAF35DE}"
EndProject
Global
	GlobalSection(SolutionConfigurationPlatforms) = preSolution
		Debug|Any CPU = Debug|Any CPU
		Release|Any CPU = Release|Any CPU
	EndGlobalSection
	GlobalSection(ProjectConfigurationPlatforms) = postSolution
		{90732786-11A9-42B4-B3D6-BEA83AAF35DE}.Debug|Any CPU.ActiveCfg = Debug|Any CPU
		{90732786-11A9-42B4-B3D6-BEA83AAF35DE}.Debug|Any CPU.Build.0 = Debug|Any CPU
		{90732786-11A9-42B4-B3D6-BEA83AAF35DE}.Release|Any CPU.ActiveCfg = Release|Any CPU
		{90732786-11A9-42B4-B3D6-BEA83AAF35DE}.Release|Any CPU.Build.0 = Release|Any CPU
	EndGlobalSection
	GlobalSection(SolutionProperties) = preSolution
		HideSolutionNode = FALSE
	EndGlobalSection
	GlobalSection(ExtensibilityGlobals) = postSolution
		SolutionGuid = {6A454A10-293D-42D7-9085-284D3C17D812}
	EndGlobalSection
EndGlobal
